
Microsoft Visual Studio Solution File, Format Version 12.00
# Visual Studio Version 17
VisualStudioVersion = 17.1.32328.378
MinimumVisualStudioVersion = 10.0.40219.1
Project("{FAE04EC0-301F-11D3-BF4B-00C04F79EFBC}") = "ProyectoSoftWare_2022", "ProyectoSoftWare_2022.csproj", "{43FE9437-E72F-4FDE-A83D-7C554CBA85E7}"
EndProject
Global
	GlobalSection(SolutionConfigurationPlatforms) = preSolution
		Debug|Any CPU = Debug|Any CPU
		Release|Any CPU = Release|Any CPU
	EndGlobalSection
	GlobalSection(ProjectConfigurationPlatforms) = postSolution
		{43FE9437-E72F-4FDE-A83D-7C554CBA85E7}.Debug|Any CPU.ActiveCfg = Debug|Any CPU
		{43FE9437-E72F-4FDE-A83D-7C554CBA85E7}.Debug|Any CPU.Build.0 = Debug|Any CPU
		{43FE9437-E72F-4FDE-A83D-7C554CBA85E7}.Release|Any CPU.ActiveCfg = Release|Any CPU
		{43FE9437-E72F-4FDE-A83D-7C554CBA85E7}.Release|Any CPU.Build.0 = Release|Any CPU
	EndGlobalSection
	GlobalSection(SolutionProperties) = preSolution
		HideSolutionNode = FALSE
	EndGlobalSection
	GlobalSection(ExtensibilityGlobals) = postSolution
		SolutionGuid = {83DDAA33-59AB-46C0-8AA7-BBA73E21192A}
	EndGlobalSection
EndGlobal
